
Microsoft Visual Studio Solution File, Format Version 12.00
# Visual Studio Version 17
VisualStudioVersion = 17.4.33213.308
MinimumVisualStudioVersion = 10.0.40219.1
Project("{FAE04EC0-301F-11D3-BF4B-00C04F79EFBC}") = "FlagsEnum", "FlagsEnum\FlagsEnum.csproj", "{A22868A7-5409-49BA-86EF-26965806D466}"
EndProject
Global
	GlobalSection(SolutionConfigurationPlatforms) = preSolution
		Debug|Any CPU = Debug|Any CPU
		Release|Any CPU = Release|Any CPU
	EndGlobalSection
	GlobalSection(ProjectConfigurationPlatforms) = postSolution
		{A22868A7-5409-49BA-86EF-26965806D466}.Debug|Any CPU.ActiveCfg = Debug|Any CPU
		{A22868A7-5409-49BA-86EF-26965806D466}.Debug|Any CPU.Build.0 = Debug|Any CPU
		{A22868A7-5409-49BA-86EF-26965806D466}.Release|Any CPU.ActiveCfg = Release|Any CPU
		{A22868A7-5409-49BA-86EF-26965806D466}.Release|Any CPU.Build.0 = Release|Any CPU
	EndGlobalSection
	GlobalSection(SolutionProperties) = preSolution
		HideSolutionNode = FALSE
	EndGlobalSection
	GlobalSection(ExtensibilityGlobals) = postSolution
		SolutionGuid = {19488335-36D9-43D0-B876-A1A7CD527073}
	EndGlobalSection
EndGlobal
